<<<<<<< HEAD
﻿
Microsoft Visual Studio Solution File, Format Version 12.00
# Visual Studio Version 17
VisualStudioVersion = 17.5.002.0
MinimumVisualStudioVersion = 10.0.40219.1
Project("{9A19103F-16F7-4668-BE54-9A1E7A4F7556}") = "WebApi", "WebApi.csproj", "{F7C8F57D-D7B1-4745-AA06-5570F6D1BBB4}"
EndProject
Global
	GlobalSection(SolutionConfigurationPlatforms) = preSolution
		Debug|Any CPU = Debug|Any CPU
		Release|Any CPU = Release|Any CPU
	EndGlobalSection
	GlobalSection(ProjectConfigurationPlatforms) = postSolution
		{F7C8F57D-D7B1-4745-AA06-5570F6D1BBB4}.Debug|Any CPU.ActiveCfg = Debug|Any CPU
		{F7C8F57D-D7B1-4745-AA06-5570F6D1BBB4}.Debug|Any CPU.Build.0 = Debug|Any CPU
		{F7C8F57D-D7B1-4745-AA06-5570F6D1BBB4}.Release|Any CPU.ActiveCfg = Release|Any CPU
		{F7C8F57D-D7B1-4745-AA06-5570F6D1BBB4}.Release|Any CPU.Build.0 = Release|Any CPU
	EndGlobalSection
	GlobalSection(SolutionProperties) = preSolution
		HideSolutionNode = FALSE
	EndGlobalSection
	GlobalSection(ExtensibilityGlobals) = postSolution
		SolutionGuid = {ABEE681F-9E4D-4EB4-B894-1AB4AAF0FB08}
	EndGlobalSection
EndGlobal
=======
﻿
Microsoft Visual Studio Solution File, Format Version 12.00
Project("{FAE04EC0-301F-11D3-BF4B-00C04F79EFBC}") = "WebApi", "WebApi\WebApi.csproj", "{DDB9B393-1760-4ABB-8D9A-B9CFA1E86161}"
EndProject
Project("{FAE04EC0-301F-11D3-BF4B-00C04F79EFBC}") = "WebApiUnitTest", "WebApiUnitTest\WebApiUnitTest.csproj", "{5EA589E2-9F89-4A49-8C8F-64263C080612}"
EndProject
Global
	GlobalSection(SolutionConfigurationPlatforms) = preSolution
		Debug|Any CPU = Debug|Any CPU
		Release|Any CPU = Release|Any CPU
	EndGlobalSection
	GlobalSection(ProjectConfigurationPlatforms) = postSolution
		{DDB9B393-1760-4ABB-8D9A-B9CFA1E86161}.Debug|Any CPU.ActiveCfg = Debug|Any CPU
		{DDB9B393-1760-4ABB-8D9A-B9CFA1E86161}.Debug|Any CPU.Build.0 = Debug|Any CPU
		{DDB9B393-1760-4ABB-8D9A-B9CFA1E86161}.Release|Any CPU.ActiveCfg = Release|Any CPU
		{DDB9B393-1760-4ABB-8D9A-B9CFA1E86161}.Release|Any CPU.Build.0 = Release|Any CPU
		{5EA589E2-9F89-4A49-8C8F-64263C080612}.Debug|Any CPU.ActiveCfg = Debug|Any CPU
		{5EA589E2-9F89-4A49-8C8F-64263C080612}.Debug|Any CPU.Build.0 = Debug|Any CPU
		{5EA589E2-9F89-4A49-8C8F-64263C080612}.Release|Any CPU.ActiveCfg = Release|Any CPU
		{5EA589E2-9F89-4A49-8C8F-64263C080612}.Release|Any CPU.Build.0 = Release|Any CPU
	EndGlobalSection
EndGlobal
>>>>>>> master
